
Microsoft Visual Studio Solution File, Format Version 12.00
# Visual Studio 2013
VisualStudioVersion = 12.0.40629.0
MinimumVisualStudioVersion = 10.0.40219.1
Project("{8BC9CEB8-8B4A-11D0-8D11-00A0C91BC942}") = "AllGL", "AllGL\AllGL.vcxproj", "{4243B0F5-04AA-4190-8D91-AA7EB2511A51}"
	ProjectSection(ProjectDependencies) = postProject
		{6F2C3E49-9429-43C6-AA4A-E6E2E3BA0587} = {6F2C3E49-9429-43C6-AA4A-E6E2E3BA0587}
	EndProjectSection
EndProject
Project("{2150E333-8FDC-42A3-9474-1A3956D46DE8}") = "BasicDependence", "BasicDependence", "{FB0862A5-5A4A-45D7-AD2B-39A38F772B42}"
EndProject
Project("{8BC9CEB8-8B4A-11D0-8D11-00A0C91BC942}") = "glew_static", "glew\build\vc12\glew_static.vcxproj", "{664E6F0D-6784-4760-9565-D54F8EB1EDF4}"
EndProject
Project("{8BC9CEB8-8B4A-11D0-8D11-00A0C91BC942}") = "glew_shared", "glew\build\vc12\glew_shared.vcxproj", "{55AE3D72-7DE6-F19F-AEF2-9AE8CA26CF3D}"
EndProject
Project("{8BC9CEB8-8B4A-11D0-8D11-00A0C91BC942}") = "Start", "Start\Start.vcxproj", "{6F2C3E49-9429-43C6-AA4A-E6E2E3BA0587}"
	ProjectSection(ProjectDependencies) = postProject
		{664E6F0D-6784-4760-9565-D54F8EB1EDF4} = {664E6F0D-6784-4760-9565-D54F8EB1EDF4}
		{55AE3D72-7DE6-F19F-AEF2-9AE8CA26CF3D} = {55AE3D72-7DE6-F19F-AEF2-9AE8CA26CF3D}
	EndProjectSection
EndProject
Project("{8BC9CEB8-8B4A-11D0-8D11-00A0C91BC942}") = "LightKeyBoardBlend", "LightKeyBoardBlend\LightKeyBoardBlend.vcxproj", "{F1CF7143-338B-4A99-A13C-73DE7388CF9C}"
EndProject
Project("{8BC9CEB8-8B4A-11D0-8D11-00A0C91BC942}") = "OtherTest", "OtherTest\OtherTest.vcxproj", "{0ADC0389-57B5-45FF-886B-022AECCD443B}"
EndProject
Project("{8BC9CEB8-8B4A-11D0-8D11-00A0C91BC942}") = "OpenGL_9_16", "OpenGL_9_16\OpenGL_9_16.vcxproj", "{C58F5BC1-9FE8-4F13-8C62-298D08494966}"
EndProject
Project("{8BC9CEB8-8B4A-11D0-8D11-00A0C91BC942}") = "PreprocessingHead", "PreprocessingHead\PreprocessingHead.vcxproj", "{1379BA8D-7312-4D3C-BC46-FE45A522BD7C}"
EndProject
Global
	GlobalSection(SolutionConfigurationPlatforms) = preSolution
		Debug|Win32 = Debug|Win32
		Debug|x64 = Debug|x64
		Release|Win32 = Release|Win32
		Release|x64 = Release|x64
	EndGlobalSection
	GlobalSection(ProjectConfigurationPlatforms) = postSolution
		{4243B0F5-04AA-4190-8D91-AA7EB2511A51}.Debug|Win32.ActiveCfg = Debug|Win32
		{4243B0F5-04AA-4190-8D91-AA7EB2511A51}.Debug|Win32.Build.0 = Debug|Win32
		{4243B0F5-04AA-4190-8D91-AA7EB2511A51}.Debug|x64.ActiveCfg = Debug|Win32
		{4243B0F5-04AA-4190-8D91-AA7EB2511A51}.Release|Win32.ActiveCfg = Release|Win32
		{4243B0F5-04AA-4190-8D91-AA7EB2511A51}.Release|Win32.Build.0 = Release|Win32
		{4243B0F5-04AA-4190-8D91-AA7EB2511A51}.Release|x64.ActiveCfg = Release|Win32
		{664E6F0D-6784-4760-9565-D54F8EB1EDF4}.Debug|Win32.ActiveCfg = Debug|Win32
		{664E6F0D-6784-4760-9565-D54F8EB1EDF4}.Debug|Win32.Build.0 = Debug|Win32
		{664E6F0D-6784-4760-9565-D54F8EB1EDF4}.Debug|x64.ActiveCfg = Debug|x64
		{664E6F0D-6784-4760-9565-D54F8EB1EDF4}.Debug|x64.Build.0 = Debug|x64
		{664E6F0D-6784-4760-9565-D54F8EB1EDF4}.Release|Win32.ActiveCfg = Release|Win32
		{664E6F0D-6784-4760-9565-D54F8EB1EDF4}.Release|Win32.Build.0 = Release|Win32
		{664E6F0D-6784-4760-9565-D54F8EB1EDF4}.Release|x64.ActiveCfg = Release|x64
		{664E6F0D-6784-4760-9565-D54F8EB1EDF4}.Release|x64.Build.0 = Release|x64
		{55AE3D72-7DE6-F19F-AEF2-9AE8CA26CF3D}.Debug|Win32.ActiveCfg = Debug|Win32
		{55AE3D72-7DE6-F19F-AEF2-9AE8CA26CF3D}.Debug|Win32.Build.0 = Debug|Win32
		{55AE3D72-7DE6-F19F-AEF2-9AE8CA26CF3D}.Debug|x64.ActiveCfg = Debug|x64
		{55AE3D72-7DE6-F19F-AEF2-9AE8CA26CF3D}.Debug|x64.Build.0 = Debug|x64
		{55AE3D72-7DE6-F19F-AEF2-9AE8CA26CF3D}.Release|Win32.ActiveCfg = Release|Win32
		{55AE3D72-7DE6-F19F-AEF2-9AE8CA26CF3D}.Release|Win32.Build.0 = Release|Win32
		{55AE3D72-7DE6-F19F-AEF2-9AE8CA26CF3D}.Release|x64.ActiveCfg = Release|x64
		{55AE3D72-7DE6-F19F-AEF2-9AE8CA26CF3D}.Release|x64.Build.0 = Release|x64
		{6F2C3E49-9429-43C6-AA4A-E6E2E3BA0587}.Debug|Win32.ActiveCfg = Debug|Win32
		{6F2C3E49-9429-43C6-AA4A-E6E2E3BA0587}.Debug|Win32.Build.0 = Debug|Win32
		{6F2C3E49-9429-43C6-AA4A-E6E2E3BA0587}.Debug|x64.ActiveCfg = Debug|Win32
		{6F2C3E49-9429-43C6-AA4A-E6E2E3BA0587}.Release|Win32.ActiveCfg = Release|Win32
		{6F2C3E49-9429-43C6-AA4A-E6E2E3BA0587}.Release|Win32.Build.0 = Release|Win32
		{6F2C3E49-9429-43C6-AA4A-E6E2E3BA0587}.Release|x64.ActiveCfg = Release|Win32
		{F1CF7143-338B-4A99-A13C-73DE7388CF9C}.Debug|Win32.ActiveCfg = Debug|Win32
		{F1CF7143-338B-4A99-A13C-73DE7388CF9C}.Debug|Win32.Build.0 = Debug|Win32
		{F1CF7143-338B-4A99-A13C-73DE7388CF9C}.Debug|x64.ActiveCfg = Debug|Win32
		{F1CF7143-338B-4A99-A13C-73DE7388CF9C}.Release|Win32.ActiveCfg = Release|Win32
		{F1CF7143-338B-4A99-A13C-73DE7388CF9C}.Release|Win32.Build.0 = Release|Win32
		{F1CF7143-338B-4A99-A13C-73DE7388CF9C}.Release|x64.ActiveCfg = Release|Win32
		{0ADC0389-57B5-45FF-886B-022AECCD443B}.Debug|Win32.ActiveCfg = Debug|Win32
		{0ADC0389-57B5-45FF-886B-022AECCD443B}.Debug|Win32.Build.0 = Debug|Win32
		{0ADC0389-57B5-45FF-886B-022AECCD443B}.Debug|x64.ActiveCfg = Debug|Win32
		{0ADC0389-57B5-45FF-886B-022AECCD443B}.Release|Win32.ActiveCfg = Release|Win32
		{0ADC0389-57B5-45FF-886B-022AECCD443B}.Release|Win32.Build.0 = Release|Win32
		{0ADC0389-57B5-45FF-886B-022AECCD443B}.Release|x64.ActiveCfg = Release|Win32
		{C58F5BC1-9FE8-4F13-8C62-298D08494966}.Debug|Win32.ActiveCfg = Debug|Win32
		{C58F5BC1-9FE8-4F13-8C62-298D08494966}.Debug|Win32.Build.0 = Debug|Win32
		{C58F5BC1-9FE8-4F13-8C62-298D08494966}.Debug|x64.ActiveCfg = Debug|Win32
		{C58F5BC1-9FE8-4F13-8C62-298D08494966}.Release|Win32.ActiveCfg = Release|Win32
		{C58F5BC1-9FE8-4F13-8C62-298D08494966}.Release|Win32.Build.0 = Release|Win32
		{C58F5BC1-9FE8-4F13-8C62-298D08494966}.Release|x64.ActiveCfg = Release|Win32
		{1379BA8D-7312-4D3C-BC46-FE45A522BD7C}.Debug|Win32.ActiveCfg = Debug|Win32
		{1379BA8D-7312-4D3C-BC46-FE45A522BD7C}.Debug|Win32.Build.0 = Debug|Win32
		{1379BA8D-7312-4D3C-BC46-FE45A522BD7C}.Debug|x64.ActiveCfg = Debug|Win32
		{1379BA8D-7312-4D3C-BC46-FE45A522BD7C}.Release|Win32.ActiveCfg = Release|Win32
		{1379BA8D-7312-4D3C-BC46-FE45A522BD7C}.Release|Win32.Build.0 = Release|Win32
		{1379BA8D-7312-4D3C-BC46-FE45A522BD7C}.Release|x64.ActiveCfg = Release|Win32
	EndGlobalSection
	GlobalSection(SolutionProperties) = preSolution
		HideSolutionNode = FALSE
	EndGlobalSection
	GlobalSection(NestedProjects) = preSolution
		{664E6F0D-6784-4760-9565-D54F8EB1EDF4} = {FB0862A5-5A4A-45D7-AD2B-39A38F772B42}
		{55AE3D72-7DE6-F19F-AEF2-9AE8CA26CF3D} = {FB0862A5-5A4A-45D7-AD2B-39A38F772B42}
	EndGlobalSection
EndGlobal
